# This file is autogenerated, do not edit; changes may be undone by the next 'dep ensure'.


[[projects]]
  name = "github.com/Masterminds/semver"
  packages = ["."]
  revision = "517734cc7d6470c0d07130e40fd40bdeb9bcd3fd"
  version = "v1.3.1"

[[projects]]
  name = "github.com/Masterminds/sprig"
  packages = ["."]
  revision = "9526be0327b26ad31aa70296a7b10704883976d5"
  version = "2.12.0"

[[projects]]
  branch = "master"
  name = "github.com/alecthomas/template"
  packages = [".","parse"]
  revision = "a0175ee3bccc567396460bf5acd36800cb10c49c"

[[projects]]
  branch = "master"
  name = "github.com/alecthomas/units"
  packages = ["."]
  revision = "2efee857e7cfd4f3d0138cc3cbb1b4966962b93a"

[[projects]]
  name = "github.com/aokoli/goutils"
  packages = ["."]
  revision = "3391d3790d23d03408670993e957e8f408993c34"
  version = "v1.0.1"

[[projects]]
  branch = "master"
  name = "github.com/gopherjs/gopherjs"
  packages = ["js"]
  revision = "2b1d432c8a82c9bff0b0baffaeb3ec6e92974112"

[[projects]]
  branch = "master"
  name = "github.com/huandu/xstrings"
  packages = ["."]
  revision = "3959339b333561bf62a38b424fd41517c2c90f40"

[[projects]]
  name = "github.com/imdario/mergo"
  packages = ["."]
  revision = "3e95a51e0639b4cf372f2ccf74c86749d747fbdc"
  version = "0.2.2"

[[projects]]
  name = "github.com/jtolds/gls"
  packages = ["."]
  revision = "77f18212c9c7edc9bd6a33d383a7b545ce62f064"
  version = "v4.2.1"

[[projects]]
  name = "github.com/satori/go.uuid"
  packages = ["."]
  revision = "879c5887cd475cd7864858769793b2ceb0d44feb"
  version = "v1.1.0"

[[projects]]
  name = "github.com/sirupsen/logrus"
  packages = ["."]
  revision = "a3f95b5c423586578a4e099b11a46c2479628cac"
  version = "1.0.2"

[[projects]]
  name = "github.com/smartystreets/assertions"
  packages = [".","internal/go-render/render","internal/oglematchers"]
  revision = "e9a2f6771d97c709b2f7609fdf89ebde8b64c926"
  version = "1.6.0"

[[projects]]
  name = "github.com/smartystreets/goconvey"
  packages = ["convey","convey/gotest","convey/reporting"]
  revision = "d4c757aa9afd1e2fc1832aaab209b5794eb336e1"
  version = "1.6.2"

[[projects]]
  branch = "master"
  name = "golang.org/x/crypto"
  packages = ["pbkdf2","scrypt"]
  revision = "558b6879de74bc843225cde5686419267ff707ca"

[[projects]]
  branch = "master"
  name = "golang.org/x/sys"
  packages = ["unix"]
  revision = "0f826bdd13b500be0f1d4004938ad978fcc6031e"

[[projects]]
  name = "gopkg.in/alecthomas/kingpin.v2"
  packages = ["."]
  revision = "1087e65c9441605df944fb12c33f0fe7072d18ca"
  version = "v2.2.5"

[solve-meta]
  analyzer-name = "dep"
  analyzer-version = 1
  inputs-digest = "9be2937ba99f1bb4ee57540cd682c850b0c2cf288661243c4098d653cfb7776f"
  solver-name = "gps-cdcl"
  solver-version = 1
